<?xml version="1.0" encoding="UTF-8" standalone="yes" ?>
<CodeBlocks_project_file>
	<FileVersion major="1" minor="6" />
	<Project>
		<Option title="Reservoir_Modifcations2" />
		<Option makefile="/home/jdmattern/Documents/wrf_hydro_nwm_public/trunk/NDHMS/compile_offline_NoahMP.sh setEnvar.sh" />
		<Option makefile_is_custom="1" />
		<Option execution_dir="/home/jdmattern/Documents/wrf_hydro_nwm_public/trunk/NDHMS" />
		<Option pch_mode="2" />
		<Option compiler="gcc" />
		<MakeCommands>
			<Build command="$makefile" />
			<CompileFile command="" />
			<Clean command="$make -clean" />
			<DistClean command="$make -f $makefile distclean$target" />
			<AskRebuildNeeded command="" />
			<SilentBuild command="$makefile &gt; $(CMD_NULL)" />
		</MakeCommands>
		<Build>
			<Target title="Debug">
				<Option output="bin/Debug/Reservoir_Modifcations2" prefix_auto="1" extension_auto="1" />
				<Option object_output="obj/Debug/" />
				<Option type="1" />
				<Option compiler="gcc" />
				<Compiler>
					<Add option="-g" />
				</Compiler>
				<MakeCommands>
					<Build command="$makefile" />
					<CompileFile command="" />
					<Clean command="$make -clean" />
					<DistClean command="$make -f $makefile distclean$target" />
					<AskRebuildNeeded command="" />
					<SilentBuild command="$makefile &gt; $(CMD_NULL)" />
				</MakeCommands>
			</Target>
			<Target title="Release">
				<Option output="bin/Release/Reservoir_Modifcations2" prefix_auto="1" extension_auto="1" />
				<Option object_output="obj/Release/" />
				<Option type="1" />
				<Option compiler="gcc" />
				<Compiler>
					<Add option="-O2" />
				</Compiler>
				<Linker>
					<Add option="-s" />
				</Linker>
			</Target>
		</Build>
		<Compiler>
			<Add option="-Wall" />
		</Compiler>
		<Unit filename="../../CPL/CLM_cpl/Makefile" />
		<Unit filename="../../CPL/CLM_cpl/clm_drv_HYDRO.F" />
		<Unit filename="../../CPL/CLM_cpl/module_clm_HYDRO.F" />
		<Unit filename="../../CPL/LIS_cpl/Makefile" />
		<Unit filename="../../CPL/LIS_cpl/lis_drv_HYDRO.F" />
		<Unit filename="../../CPL/LIS_cpl/module_lis_HYDRO.F" />
		<Unit filename="../../CPL/NUOPC_cpl/Makefile" />
		<Unit filename="../../CPL/NoahMP_cpl/Makefile" />
		<Unit filename="../../CPL/NoahMP_cpl/hrldas_drv_HYDRO.F" />
		<Unit filename="../../CPL/NoahMP_cpl/module_hrldas_HYDRO.F" />
		<Unit filename="../../CPL/Noah_cpl/Makefile" />
		<Unit filename="../../CPL/Noah_cpl/hrldas_drv_HYDRO.F" />
		<Unit filename="../../CPL/Noah_cpl/module_hrldas_HYDRO.F" />
		<Unit filename="../../CPL/WRF_cpl/Makefile" />
		<Unit filename="../../CPL/WRF_cpl/module_wrf_HYDRO.F" />
		<Unit filename="../../CPL/WRF_cpl/module_wrf_HYDRO_downscale.F" />
		<Unit filename="../../CPL/WRF_cpl/wrf_drv_HYDRO.F" />
		<Unit filename="../../Data_Rec/Makefile" />
		<Unit filename="../../Data_Rec/gw_field_include.inc" />
		<Unit filename="../../Data_Rec/module_RT_data.F" />
		<Unit filename="../../Data_Rec/module_gw_gw2d_data.F" />
		<Unit filename="../../Data_Rec/module_namelist.F" />
		<Unit filename="../../Data_Rec/namelist.inc" />
		<Unit filename="../../Data_Rec/rt_include.inc" />
		<Unit filename="../../Debug_Utilities/Makefile" />
		<Unit filename="../../Debug_Utilities/debug_dump_variable.F" />
		<Unit filename="../../Debug_Utilities/debug_dump_variable.f" />
		<Unit filename="../../HYDRO_drv/Makefile" />
		<Unit filename="../../HYDRO_drv/module_HYDRO_drv.F" />
		<Unit filename="../../HYDRO_drv/module_HYDRO_drv.f" />
		<Unit filename="../../HYDRO_drv/module_HYDRO_drvDAVID.F" />
		<Unit filename="../../Land_models/Noah/GRAPHICS/HORIZ/Makefile" />
		<Unit filename="../../Land_models/Noah/GRAPHICS/HORIZ/kwm_date_utilities.F" />
		<Unit filename="../../Land_models/Noah/GRAPHICS/HORIZ/kwm_string_utilities.F" />
		<Unit filename="../../Land_models/Noah/GRAPHICS/HORIZ/lccone.F" />
		<Unit filename="../../Land_models/Noah/GRAPHICS/HORIZ/llxy_generic.F" />
		<Unit filename="../../Land_models/Noah/GRAPHICS/HORIZ/module_2ddata.F" />
		<Unit filename="../../Land_models/Noah/GRAPHICS/HORIZ/module_plot2d_graphics.F" />
		<Unit filename="../../Land_models/Noah/GRAPHICS/HORIZ/plt2d.F" />
		<Unit filename="../../Land_models/Noah/GRAPHICS/TIME_SERIES/Makefile" />
		<Unit filename="../../Land_models/Noah/GRAPHICS/TIME_SERIES/kwm_date_utilities.F" />
		<Unit filename="../../Land_models/Noah/GRAPHICS/TIME_SERIES/kwm_string_utilities.F" />
		<Unit filename="../../Land_models/Noah/GRAPHICS/TIME_SERIES/lccone.F" />
		<Unit filename="../../Land_models/Noah/GRAPHICS/TIME_SERIES/ldasout_timeseries.F" />
		<Unit filename="../../Land_models/Noah/GRAPHICS/TIME_SERIES/llxy_generic.F" />
		<Unit filename="../../Land_models/Noah/GRAPHICS/TIME_SERIES/module_plotts_graphics.F" />
		<Unit filename="../../Land_models/Noah/GRAPHICS/TIME_SERIES/module_ptdata.F" />
		<Unit filename="../../Land_models/Noah/HRLDAS_COLLECT_DATA/Makefile" />
		<Unit filename="../../Land_models/Noah/HRLDAS_COLLECT_DATA/consolidate_grib.F" />
		<Unit filename="../../Land_models/Noah/HRLDAS_COLLECT_DATA/lib/Makefile" />
		<Unit filename="../../Land_models/Noah/HRLDAS_COLLECT_DATA/lib/arguments_module.F" />
		<Unit filename="../../Land_models/Noah/HRLDAS_COLLECT_DATA/lib/gbytesys.F" />
		<Unit filename="../../Land_models/Noah/HRLDAS_COLLECT_DATA/lib/get_unused_unit.F" />
		<Unit filename="../../Land_models/Noah/HRLDAS_COLLECT_DATA/lib/kwm_date_utilities.F" />
		<Unit filename="../../Land_models/Noah/HRLDAS_COLLECT_DATA/lib/kwm_grid_utilities.F" />
		<Unit filename="../../Land_models/Noah/HRLDAS_COLLECT_DATA/lib/kwm_string_utilities.F" />
		<Unit filename="../../Land_models/Noah/HRLDAS_COLLECT_DATA/lib/kwm_timing_utilities.F" />
		<Unit filename="../../Land_models/Noah/HRLDAS_COLLECT_DATA/lib/module_geo_em.F" />
		<Unit filename="../../Land_models/Noah/HRLDAS_COLLECT_DATA/lib/module_grib.F" />
		<Unit filename="../../Land_models/Noah/HRLDAS_COLLECT_DATA/lib/module_grib1.F" />
		<Unit filename="../../Land_models/Noah/HRLDAS_COLLECT_DATA/lib/module_grib2.F" />
		<Unit filename="../../Land_models/Noah/HRLDAS_COLLECT_DATA/lib/module_grib2_tables.F" />
		<Unit filename="../../Land_models/Noah/HRLDAS_COLLECT_DATA/lib/module_grib_common.F" />
		<Unit filename="../../Land_models/Noah/HRLDAS_COLLECT_DATA/lib/module_input_data_structure.F" />
		<Unit filename="../../Land_models/Noah/HRLDAS_COLLECT_DATA/lib/module_llxy.F" />
		<Unit filename="../../Land_models/Noah/HRLDAS_COLLECT_DATA/lib/module_mapinfo.F" />
		<Unit filename="../../Land_models/Noah/HRLDAS_COLLECT_DATA/lib/module_wrfinputfile.F" />
		<Unit filename="../../Land_models/Noah/HRLDAS_COLLECT_DATA/lib/swap4f.F" />
		<Unit filename="../../Land_models/Noah/HRLDAS_COLLECT_DATA/lib/trig_degrees.F" />
		<Unit filename="../../Land_models/Noah/HRLDAS_COLLECT_DATA/run/Makefile" />
		<Unit filename="../../Land_models/Noah/IO_code/Makefile" />
		<Unit filename="../../Land_models/Noah/IO_code/Noah_hrldas_driver.F" />
		<Unit filename="../../Land_models/Noah/IO_code/module_hrldas_netcdf_io.F" />
		<Unit filename="../../Land_models/Noah/Makefile" />
		<Unit filename="../../Land_models/Noah/Noah/Makefile" />
		<Unit filename="../../Land_models/Noah/Noah/module_sf_noahlsm.F" />
		<Unit filename="../../Land_models/Noah/Noah/module_sf_urban.F" />
		<Unit filename="../../Land_models/Noah/Run/Makefile" />
		<Unit filename="../../Land_models/Noah/Utility_programs/Makefile" />
		<Unit filename="../../Land_models/Noah/Utility_programs/gcip_sw_to_grib/Makefile" />
		<Unit filename="../../Land_models/Noah/Utility_programs/gcip_sw_to_grib/srb_daily_to_grib.F" />
		<Unit filename="../../Land_models/Noah/Utility_programs/gcip_sw_to_grib/srb_monthly_to_grib.F" />
		<Unit filename="../../Land_models/Noah/Utility_programs/hrldas_extract_point.F" />
		<Unit filename="../../Land_models/Noah/Utility_programs/lccone.F" />
		<Unit filename="../../Land_models/Noah/Utility_programs/llxy_generic.F" />
		<Unit filename="../../Land_models/Noah/Utility_programs/modify_wrfinput.F" />
		<Unit filename="../../Land_models/Noah/Utility_programs/vectorize/vectorize_geo_em.F" />
		<Unit filename="../../Land_models/Noah/Utility_programs/vectorize/vectorize_ldasin.F" />
		<Unit filename="../../Land_models/Noah/Utility_routines/Makefile" />
		<Unit filename="../../Land_models/Noah/Utility_routines/kwm_string_utilities.F" />
		<Unit filename="../../Land_models/Noah/Utility_routines/module_Noahlsm_utility.F" />
		<Unit filename="../../Land_models/Noah/Utility_routines/module_date_utilities.F" />
		<Unit filename="../../Land_models/Noah/Utility_routines/module_model_constants.F" />
		<Unit filename="../../Land_models/Noah/Utility_routines/module_sfcdif_wrf.F" />
		<Unit filename="../../Land_models/Noah/VERIFICATION/Fluxes_statistics/Makefile" />
		<Unit filename="../../Land_models/Noah/VERIFICATION/Fluxes_statistics/fluxes_statistics.F" />
		<Unit filename="../../Land_models/Noah/VERIFICATION/Fluxes_statistics/get_unused_unit.F" />
		<Unit filename="../../Land_models/Noah/VERIFICATION/Fluxes_statistics/kwm_date_utilities.F" />
		<Unit filename="../../Land_models/Noah/VERIFICATION/Fluxes_statistics/kwm_grid_utilities.F" />
		<Unit filename="../../Land_models/Noah/VERIFICATION/Fluxes_statistics/kwm_plot_utilities.F" />
		<Unit filename="../../Land_models/Noah/VERIFICATION/Fluxes_statistics/kwm_string_utilities.F" />
		<Unit filename="../../Land_models/Noah/VERIFICATION/Fluxes_statistics/lccone.F" />
		<Unit filename="../../Land_models/Noah/VERIFICATION/Fluxes_statistics/llxy_generic.F" />
		<Unit filename="../../Land_models/Noah/VERIFICATION/Fluxes_statistics/module_hd.F" />
		<Unit filename="../../Land_models/Noah/VERIFICATION/OKMeso_statistics/Makefile" />
		<Unit filename="../../Land_models/Noah/VERIFICATION/OKMeso_statistics/get_unused_unit.F" />
		<Unit filename="../../Land_models/Noah/VERIFICATION/OKMeso_statistics/kwm_date_utilities.F" />
		<Unit filename="../../Land_models/Noah/VERIFICATION/OKMeso_statistics/kwm_plot_utilities.F" />
		<Unit filename="../../Land_models/Noah/VERIFICATION/OKMeso_statistics/kwm_string_utilities.F" />
		<Unit filename="../../Land_models/Noah/VERIFICATION/OKMeso_statistics/lccone.F" />
		<Unit filename="../../Land_models/Noah/VERIFICATION/OKMeso_statistics/llxy_generic.F" />
		<Unit filename="../../Land_models/Noah/VERIFICATION/OKMeso_statistics/module_hd.F" />
		<Unit filename="../../Land_models/Noah/VERIFICATION/OKMeso_statistics/rdmet.F" />
		<Unit filename="../../Land_models/Noah/VERIFICATION/OKMeso_statistics/rdsom.F" />
		<Unit filename="../../Land_models/Noah/VERIFICATION/OKMeso_statistics/rdsom_mem.F" />
		<Unit filename="../../Land_models/NoahMP/HRLDAS_forcing/Makefile" />
		<Unit filename="../../Land_models/NoahMP/HRLDAS_forcing/create_forcing.F" />
		<Unit filename="../../Land_models/NoahMP/HRLDAS_forcing/lib/Makefile" />
		<Unit filename="../../Land_models/NoahMP/HRLDAS_forcing/lib/arguments_module.F" />
		<Unit filename="../../Land_models/NoahMP/HRLDAS_forcing/lib/gbytesys.F" />
		<Unit filename="../../Land_models/NoahMP/HRLDAS_forcing/lib/get_unused_unit.F" />
		<Unit filename="../../Land_models/NoahMP/HRLDAS_forcing/lib/kwm_date_utilities.F" />
		<Unit filename="../../Land_models/NoahMP/HRLDAS_forcing/lib/kwm_grid_utilities.F" />
		<Unit filename="../../Land_models/NoahMP/HRLDAS_forcing/lib/kwm_string_utilities.F" />
		<Unit filename="../../Land_models/NoahMP/HRLDAS_forcing/lib/kwm_timing_utilities.F" />
		<Unit filename="../../Land_models/NoahMP/HRLDAS_forcing/lib/module_geo_em.F" />
		<Unit filename="../../Land_models/NoahMP/HRLDAS_forcing/lib/module_grib.F" />
		<Unit filename="../../Land_models/NoahMP/HRLDAS_forcing/lib/module_grib1.F" />
		<Unit filename="../../Land_models/NoahMP/HRLDAS_forcing/lib/module_grib2.F" />
		<Unit filename="../../Land_models/NoahMP/HRLDAS_forcing/lib/module_grib2_tables.F" />
		<Unit filename="../../Land_models/NoahMP/HRLDAS_forcing/lib/module_grib_common.F" />
		<Unit filename="../../Land_models/NoahMP/HRLDAS_forcing/lib/module_input_data_structure.F" />
		<Unit filename="../../Land_models/NoahMP/HRLDAS_forcing/lib/module_llxy.F" />
		<Unit filename="../../Land_models/NoahMP/HRLDAS_forcing/lib/module_mapinfo.F" />
		<Unit filename="../../Land_models/NoahMP/HRLDAS_forcing/lib/module_wrfinputfile.F" />
		<Unit filename="../../Land_models/NoahMP/HRLDAS_forcing/lib/swap4f.F" />
		<Unit filename="../../Land_models/NoahMP/HRLDAS_forcing/lib/trig_degrees.F" />
		<Unit filename="../../Land_models/NoahMP/HRLDAS_forcing/run/Makefile" />
		<Unit filename="../../Land_models/NoahMP/IO_code/Makefile" />
		<Unit filename="../../Land_models/NoahMP/IO_code/main_hrldas_driver.F" />
		<Unit filename="../../Land_models/NoahMP/IO_code/module_NoahMP_hrldas_driver.F" />
		<Unit filename="../../Land_models/NoahMP/IO_code/module_hrldas_netcdf_io.F" />
		<Unit filename="../../Land_models/NoahMP/Makefile" />
		<Unit filename="../../Land_models/NoahMP/Utility_routines/Makefile" />
		<Unit filename="../../Land_models/NoahMP/Utility_routines/kwm_string_utilities.F" />
		<Unit filename="../../Land_models/NoahMP/Utility_routines/module_date_utilities.F" />
		<Unit filename="../../Land_models/NoahMP/Utility_routines/module_model_constants.F" />
		<Unit filename="../../Land_models/NoahMP/Utility_routines/module_wrf_utilities.F" />
		<Unit filename="../../Land_models/NoahMP/phys/Makefile" />
		<Unit filename="../../Land_models/NoahMP/phys/module_sf_noahmp_glacier.F" />
		<Unit filename="../../Land_models/NoahMP/phys/module_sf_noahmp_groundwater.F" />
		<Unit filename="../../Land_models/NoahMP/phys/module_sf_noahmpdrv.F" />
		<Unit filename="../../Land_models/NoahMP/phys/module_sf_noahmplsm.F" />
		<Unit filename="../../Land_models/NoahMP/run/Makefile" />
		<Unit filename="../../MPP/CPL_WRF.F" />
		<Unit filename="../../MPP/CPL_WRF.f" />
		<Unit filename="../../MPP/Makefile" />
		<Unit filename="../../MPP/module_mpp_GWBUCKET.F" />
		<Unit filename="../../MPP/module_mpp_ReachLS.F" />
		<Unit filename="../../MPP/mpp_land.F" />
		<Unit filename="../../Makefile" />
		<Unit filename="../../Rapid_routing/makefile" />
		<Unit filename="../../Routing/Makefile" />
		<Unit filename="../../Routing/Noah_distr_routing.F" />
		<Unit filename="../../Routing/Noah_distr_routing.f" />
		<Unit filename="../../Routing/Overland/Makefile" />
		<Unit filename="../../Routing/Overland/module_overland.F" />
		<Unit filename="../../Routing/Overland/module_overland_control.F" />
		<Unit filename="../../Routing/Overland/module_overland_mass_balance.F" />
		<Unit filename="../../Routing/Overland/module_overland_routing_properties.F" />
		<Unit filename="../../Routing/Overland/module_overland_streams_and_lakes.F" />
		<Unit filename="../../Routing/Overland/overland_tests.F" />
		<Unit filename="../../Routing/Reservoirs/Level_Pool/Makefile" />
		<Unit filename="../../Routing/Reservoirs/Level_Pool/module_levelpool.F" />
		<Unit filename="../../Routing/Reservoirs/Level_Pool/module_levelpool_parameters.F" />
		<Unit filename="../../Routing/Reservoirs/Level_Pool/module_levelpool_state.F" />
		<Unit filename="../../Routing/Reservoirs/Level_Pool/module_levelpool_tests.F" />
		<Unit filename="../../Routing/Reservoirs/Machine_Learning/ML_MODEL_PARM_ACF.nc" />
		<Unit filename="../../Routing/Reservoirs/Machine_Learning/ML_MODEL_PARM_ACF_oct17.nc" />
		<Unit filename="../../Routing/Reservoirs/Machine_Learning/ML_MODEL_PARM_CH.nc" />
		<Unit filename="../../Routing/Reservoirs/Machine_Learning/ML_MODEL_PARM_CH_oct17.nc" />
		<Unit filename="../../Routing/Reservoirs/Machine_Learning/ML_RESERVOIR_PARM.nc" />
		<Unit filename="../../Routing/Reservoirs/Machine_Learning/Makefile" />
		<Unit filename="../../Routing/Reservoirs/Machine_Learning/module_machine_learning.F" />
		<Unit filename="../../Routing/Reservoirs/Machine_Learning/module_machine_learning_currents.F" />
		<Unit filename="../../Routing/Reservoirs/Machine_Learning/module_machine_learning_model.F" />
		<Unit filename="../../Routing/Reservoirs/Machine_Learning/module_machine_learning_parameters.F" />
		<Unit filename="../../Routing/Reservoirs/Machine_Learning/module_machine_learning_state.F" />
		<Unit filename="../../Routing/Reservoirs/Machine_Learning/module_machine_learning_tests.F" />
		<Unit filename="../../Routing/Reservoirs/Machine_Learning/module_machine_learning_utilities.F" />
		<Unit filename="../../Routing/Reservoirs/Makefile" />
		<Unit filename="../../Routing/Reservoirs/io/Makefile" />
		<Unit filename="../../Routing/Reservoirs/io/module_reservoir_io.F" />
		<Unit filename="../../Routing/Reservoirs/module_levelpool.F" />
		<Unit filename="../../Routing/Reservoirs/module_levelpool_parameters.F" />
		<Unit filename="../../Routing/Reservoirs/module_levelpool_state.F" />
		<Unit filename="../../Routing/Reservoirs/module_reservoir_base.F" />
		<Unit filename="../../Routing/Reservoirs/module_reservoir_io.F" />
		<Unit filename="../../Routing/Reservoirs/module_reservoir_utilities.F" />
		<Unit filename="../../Routing/Reservoirs/q_types.txt" />
		<Unit filename="../../Routing/Reservoirs/reservoir_io.F" />
		<Unit filename="../../Routing/Reservoirs/reservoir_tests.F" />
		<Unit filename="../../Routing/Reservoirs/rt_include_old_file.inc" />
		<Unit filename="../../Routing/io/Makefile" />
		<Unit filename="../../Routing/module_GW_baseflow.F" />
		<Unit filename="../../Routing/module_GW_baseflow.f" />
		<Unit filename="../../Routing/module_HYDRO_io.F" />
		<Unit filename="../../Routing/module_HYDRO_io.f" />
		<Unit filename="../../Routing/module_HYDRO_utils.F" />
		<Unit filename="../../Routing/module_HYDRO_utils.f" />
		<Unit filename="../../Routing/module_NWM_io.F" />
		<Unit filename="../../Routing/module_NWM_io.f" />
		<Unit filename="../../Routing/module_NWM_io_dict.F" />
		<Unit filename="../../Routing/module_NWM_io_dict.f" />
		<Unit filename="../../Routing/module_RT.F" />
		<Unit filename="../../Routing/module_RT.f" />
		<Unit filename="../../Routing/module_RTDAVID.F" />
		<Unit filename="../../Routing/module_UDMAP.F" />
		<Unit filename="../../Routing/module_UDMAP.f" />
		<Unit filename="../../Routing/module_channel_routing.F" />
		<Unit filename="../../Routing/module_channel_routing.f" />
		<Unit filename="../../Routing/module_date_utilities_rt.F" />
		<Unit filename="../../Routing/module_date_utilities_rt.f" />
		<Unit filename="../../Routing/module_gw_gw2d.F" />
		<Unit filename="../../Routing/module_gw_gw2d.f" />
		<Unit filename="../../Routing/module_lsm_forcing.F" />
		<Unit filename="../../Routing/module_lsm_forcing.f" />
		<Unit filename="../../Routing/module_noah_chan_param_init_rt.F" />
		<Unit filename="../../Routing/module_noah_chan_param_init_rt.f" />
		<Unit filename="../../Routing/module_reservoir_routing.F" />
		<Unit filename="../../Routing/module_reservoir_routing.f" />
		<Unit filename="../../nudging/Makefile" />
		<Unit filename="../../nudging/module_date_utils_nudging.F" />
		<Unit filename="../../nudging/module_nudging_io.F" />
		<Unit filename="../../nudging/module_nudging_utils.F" />
		<Unit filename="../../nudging/module_stream_nudging.F" />
		<Unit filename="../../setEnvar.sh">
			<Option target="Release" />
		</Unit>
		<Unit filename="main.f95" />
		<Extensions>
			<envvars />
			<code_completion />
			<debugger />
			<lib_finder disable_auto="1" />
		</Extensions>
	</Project>
</CodeBlocks_project_file>
